{
  "name": "reproduction",
  "version": "0.1.0",
  "lockfileVersion": 2,
  "requires": true,
  "packages": {
    "": {
      "name": "reproduction",
      "version": "0.1.0",
      "dependencies": {
        "next": "^13.2.5-canary.2",
        "react": "18.2.0",
        "react-dom": "18.2.0"
      }
    },
    "node_modules/@next/env": {
      "version": "13.2.5-canary.2",
      "resolved": "https://registry.npmjs.org/@next/env/-/env-13.2.5-canary.2.tgz",
      "integrity": "sha512-1ItVARhq496qaA9PRczbqvJh07yFVg6ZpI3yK2TovxtMsh0wyPIu51FoUEtTkBDjvjpx8Cd26Re5hLLeliV07w=="
    },
    "node_modules/@next/swc-android-arm-eabi": {
      "version": "13.2.5-canary.2",
      "resolved": "https://registry.npmjs.org/@next/swc-android-arm-eabi/-/swc-android-arm-eabi-13.2.5-canary.2.tgz",
      "integrity": "sha512-6UGto5y6UeVXrIxMrmu6J9uyKB0lo5505OEUX0tIHm/VfRGrtVPvlyeXjFv2t7py6LE99GkMFEo928iX9VKCvw==",
      "cpu": [
        "arm"
      ],
      "optional": true,
      "os": [
        "android"
      ],
      "engines": {
        "node": ">= 10"
      }
    },
    "node_modules/@next/swc-android-arm64": {
      "version": "13.2.5-canary.2",
      "resolved": "https://registry.npmjs.org/@next/swc-android-arm64/-/swc-android-arm64-13.2.5-canary.2.tgz",
      "integrity": "sha512-tqfGyf0RLM2zsAXwYrwBqLmu+AdRni9O8F/XVeZAIaIqx01uzQyqKO2iXkzCCCOo833HurGSg/2orEKMvuPtRQ==",
      "cpu": [
        "arm64"
      ],
      "optional": true,
      "os": [
        "android"
      ],
      "engines": {
        "node": ">= 10"
      }
    },
    "node_modules/@next/swc-darwin-arm64": {
      "version": "13.2.5-canary.2",
      "resolved": "https://registry.npmjs.org/@next/swc-darwin-arm64/-/swc-darwin-arm64-13.2.5-canary.2.tgz",
      "integrity": "sha512-axsf3nPgSn8JRJlUv8AJoRdcFFdqRWHiVO83JAWXt67BBttPYIXLEvGcb8Rfm6c7R9hgkhSezdJzOAmgkg9FVg==",
      "cpu": [
        "arm64"
      ],
      "optional": true,
      "os": [
        "darwin"
      ],
      "engines": {
        "node": ">= 10"
      }
    },
    "node_modules/@next/swc-darwin-x64": {
      "version": "13.2.5-canary.2",
      "resolved": "https://registry.npmjs.org/@next/swc-darwin-x64/-/swc-darwin-x64-13.2.5-canary.2.tgz",
      "integrity": "sha512-NXCZ1b6uWRWrAvVvLrWs+SeY41vbKK88Mnp6aEzkPxywjs3eA9EqR1jgsTJEqqaIEqcjgphoFHOK1AktE1jblQ==",
      "cpu": [
        "x64"
      ],
      "optional": true,
      "os": [
        "darwin"
      ],
      "engines": {
        "node": ">= 10"
      }
    },
    "node_modules/@next/swc-freebsd-x64": {
      "version": "13.2.5-canary.2",
      "resolved": "https://registry.npmjs.org/@next/swc-freebsd-x64/-/swc-freebsd-x64-13.2.5-canary.2.tgz",
      "integrity": "sha512-BIsVhrm8LofAxKQ0cUbZWwr1esf2DaqAGBcRTuININyw0vJ3YfLgxrsYA06OfnU/k0TxtmJaQwFvWujx1B4Dqw==",
      "cpu": [
        "x64"
      ],
      "optional": true,
      "os": [
        "freebsd"
      ],
      "engines": {
        "node": ">= 10"
      }
    },
    "node_modules/@next/swc-linux-arm-gnueabihf": {
      "version": "13.2.5-canary.2",
      "resolved": "https://registry.npmjs.org/@next/swc-linux-arm-gnueabihf/-/swc-linux-arm-gnueabihf-13.2.5-canary.2.tgz",
      "integrity": "sha512-Y1oy/xw+Y/ajwwf+hW7rC3IZ1LdOf4DlnVMUNFH5MtPgfWAxkYsHN2bmShsuhgbB/RBlh6W2m7I1Ytk/0bloFA==",
      "cpu": [
        "arm"
      ],
      "optional": true,
      "os": [
        "linux"
      ],
      "engines": {
        "node": ">= 10"
      }
    },
    "node_modules/@next/swc-linux-arm64-gnu": {
      "version": "13.2.5-canary.2",
      "resolved": "https://registry.npmjs.org/@next/swc-linux-arm64-gnu/-/swc-linux-arm64-gnu-13.2.5-canary.2.tgz",
      "integrity": "sha512-9Frn0AdzKWuu2sbq/Lxvh8UdaUlnXdTv2atNbSb4x9wbbKChLMlxDio48y2kqQXmJGGMFHiLG4ZQAPxaixVzdw==",
      "cpu": [
        "arm64"
      ],
      "optional": true,
      "os": [
        "linux"
      ],
      "engines": {
        "node": ">= 10"
      }
    },
    "node_modules/@next/swc-linux-arm64-musl": {
      "version": "13.2.5-canary.2",
      "resolved": "https://registry.npmjs.org/@next/swc-linux-arm64-musl/-/swc-linux-arm64-musl-13.2.5-canary.2.tgz",
      "integrity": "sha512-ggEUdjDqA5LFXa99hOPZXDbf3u0imntHI3NdHvm2zK3XlI0D1gD2qlVRiOz2ULyGyyb/BGMOd9G2NPMlXixHlA==",
      "cpu": [
        "arm64"
      ],
      "optional": true,
      "os": [
        "linux"
      ],
      "engines": {
        "node": ">= 10"
      }
    },
    "node_modules/@next/swc-linux-x64-gnu": {
      "version": "13.2.5-canary.2",
      "resolved": "https://registry.npmjs.org/@next/swc-linux-x64-gnu/-/swc-linux-x64-gnu-13.2.5-canary.2.tgz",
      "integrity": "sha512-j8+/TTPdd6WWCUf5TafvkOImlXFVttViK8Q1eqftHSUUPoxYvRUSbVKJ0AtxONJWta1v46DIFKAzTGAVjbnFVQ==",
      "cpu": [
        "x64"
      ],
      "optional": true,
      "os": [
        "linux"
      ],
      "engines": {
        "node": ">= 10"
      }
    },
    "node_modules/@next/swc-linux-x64-musl": {
      "version": "13.2.5-canary.2",
      "resolved": "https://registry.npmjs.org/@next/swc-linux-x64-musl/-/swc-linux-x64-musl-13.2.5-canary.2.tgz",
      "integrity": "sha512-O5ZJ7fylgePoblVNSvgfgpfvHOhHRftUy5vDC6o+tP+kWo/KZZTE2gYkCZkDpcTcjSVuGBKent13MloOMzWFjQ==",
      "cpu": [
        "x64"
      ],
      "optional": true,
      "os": [
        "linux"
      ],
      "engines": {
        "node": ">= 10"
      }
    },
    "node_modules/@next/swc-win32-arm64-msvc": {
      "version": "13.2.5-canary.2",
      "resolved": "https://registry.npmjs.org/@next/swc-win32-arm64-msvc/-/swc-win32-arm64-msvc-13.2.5-canary.2.tgz",
      "integrity": "sha512-EAKv54b2EkIE9wgM1DTqTxqj57TyGlLMvHvhiGqbnvNTnvfccHGiGysdwbPj2gqlqkOv44q0lEw3XgCsdJxj2A==",
      "cpu": [
        "arm64"
      ],
      "optional": true,
      "os": [
        "win32"
      ],
      "engines": {
        "node": ">= 10"
      }
    },
    "node_modules/@next/swc-win32-ia32-msvc": {
      "version": "13.2.5-canary.2",
      "resolved": "https://registry.npmjs.org/@next/swc-win32-ia32-msvc/-/swc-win32-ia32-msvc-13.2.5-canary.2.tgz",
      "integrity": "sha512-tEGyYGEOd8YH0EmZP0oW6n4Jkp4NHxvuI3SU0xBQRK4JY3gqjSomkUe7N7Hvj/gCeiGdNhq7Qx9IrjAMBywLZg==",
      "cpu": [
        "ia32"
      ],
      "optional": true,
      "os": [
        "win32"
      ],
      "engines": {
        "node": ">= 10"
      }
    },
    "node_modules/@next/swc-win32-x64-msvc": {
      "version": "13.2.5-canary.2",
      "resolved": "https://registry.npmjs.org/@next/swc-win32-x64-msvc/-/swc-win32-x64-msvc-13.2.5-canary.2.tgz",
      "integrity": "sha512-tb+Nxw9NCuqKvCtgXXLI6iN+h6ZniF1v4ClLN1xlJbM1vf4W0GLCszBBeJ3Jf6ydxCJRZ0dAt5qf7vrNvzdC7Q==",
      "cpu": [
        "x64"
      ],
      "optional": true,
      "os": [
        "win32"
      ],
      "engines": {
        "node": ">= 10"
      }
    },
    "node_modules/@swc/helpers": {
      "version": "0.4.14",
      "resolved": "https://registry.npmjs.org/@swc/helpers/-/helpers-0.4.14.tgz",
      "integrity": "sha512-4C7nX/dvpzB7za4Ql9K81xK3HPxCpHMgwTZVyf+9JQ6VUbn9jjZVN7/Nkdz/Ugzs2CSjqnL/UPXroiVBVHUWUw==",
      "dependencies": {
        "tslib": "^2.4.0"
      }
    },
    "node_modules/caniuse-lite": {
      "version": "1.0.30001465",
      "resolved": "https://registry.npmjs.org/caniuse-lite/-/caniuse-lite-1.0.30001465.tgz",
      "integrity": "sha512-HvjgL3MYAJjceTDCcjRnQGjwUz/5qec9n7JPOzUursUoOTIsYCSDOb1l7RsnZE8mjbxG78zVRCKfrBXyvChBag==",
      "funding": [
        {
          "type": "opencollective",
          "url": "https://opencollective.com/browserslist"
        },
        {
          "type": "tidelift",
          "url": "https://tidelift.com/funding/github/npm/caniuse-lite"
        }
      ]
    },
    "node_modules/client-only": {
      "version": "0.0.1",
      "resolved": "https://registry.npmjs.org/client-only/-/client-only-0.0.1.tgz",
      "integrity": "sha512-IV3Ou0jSMzZrd3pZ48nLkT9DA7Ag1pnPzaiQhpW7c3RbcqqzvzzVu+L8gfqMp/8IM2MQtSiqaCxrrcfu8I8rMA=="
    },
    "node_modules/js-tokens": {
      "version": "4.0.0",
      "resolved": "https://registry.npmjs.org/js-tokens/-/js-tokens-4.0.0.tgz",
      "integrity": "sha512-RdJUflcE3cUzKiMqQgsCu06FPu9UdIJO0beYbPhHN4k6apgJtifcoCtT9bcxOpYBtpD2kCM6Sbzg4CausW/PKQ=="
    },
    "node_modules/loose-envify": {
      "version": "1.4.0",
      "resolved": "https://registry.npmjs.org/loose-envify/-/loose-envify-1.4.0.tgz",
      "integrity": "sha512-lyuxPGr/Wfhrlem2CL/UcnUc1zcqKAImBDzukY7Y5F/yQiNdko6+fRLevlw1HgMySw7f611UIY408EtxRSoK3Q==",
      "dependencies": {
        "js-tokens": "^3.0.0 || ^4.0.0"
      },
      "bin": {
        "loose-envify": "cli.js"
      }
    },
    "node_modules/nanoid": {
      "version": "3.3.4",
      "resolved": "https://registry.npmjs.org/nanoid/-/nanoid-3.3.4.tgz",
      "integrity": "sha512-MqBkQh/OHTS2egovRtLk45wEyNXwF+cokD+1YPf9u5VfJiRdAiRwB2froX5Co9Rh20xs4siNPm8naNotSD6RBw==",
      "bin": {
        "nanoid": "bin/nanoid.cjs"
      },
      "engines": {
        "node": "^10 || ^12 || ^13.7 || ^14 || >=15.0.1"
      }
    },
    "node_modules/next": {
      "version": "13.2.5-canary.2",
      "resolved": "https://registry.npmjs.org/next/-/next-13.2.5-canary.2.tgz",
      "integrity": "sha512-xawsU23qj3ZFsCzzbovhwwOGmXBiaw5555Srnltpnh5ca5Lx5Ux0rsR0WfSFogNyd68qqhzUxT/+TKj6qc9fMg==",
      "dependencies": {
        "@next/env": "13.2.5-canary.2",
        "@swc/helpers": "0.4.14",
        "caniuse-lite": "^1.0.30001406",
        "postcss": "8.4.14",
        "styled-jsx": "5.1.1"
      },
      "bin": {
        "next": "dist/bin/next"
      },
      "engines": {
        "node": ">=14.6.0"
      },
      "optionalDependencies": {
        "@next/swc-android-arm-eabi": "13.2.5-canary.2",
        "@next/swc-android-arm64": "13.2.5-canary.2",
        "@next/swc-darwin-arm64": "13.2.5-canary.2",
        "@next/swc-darwin-x64": "13.2.5-canary.2",
        "@next/swc-freebsd-x64": "13.2.5-canary.2",
        "@next/swc-linux-arm-gnueabihf": "13.2.5-canary.2",
        "@next/swc-linux-arm64-gnu": "13.2.5-canary.2",
        "@next/swc-linux-arm64-musl": "13.2.5-canary.2",
        "@next/swc-linux-x64-gnu": "13.2.5-canary.2",
        "@next/swc-linux-x64-musl": "13.2.5-canary.2",
        "@next/swc-win32-arm64-msvc": "13.2.5-canary.2",
        "@next/swc-win32-ia32-msvc": "13.2.5-canary.2",
        "@next/swc-win32-x64-msvc": "13.2.5-canary.2"
      },
      "peerDependencies": {
        "@opentelemetry/api": "^1.4.0",
        "fibers": ">= 3.1.0",
        "node-sass": "^6.0.0 || ^7.0.0",
        "react": "^18.2.0",
        "react-dom": "^18.2.0",
        "sass": "^1.3.0"
      },
      "peerDependenciesMeta": {
        "@opentelemetry/api": {
          "optional": true
        },
        "fibers": {
          "optional": true
        },
        "node-sass": {
          "optional": true
        },
        "sass": {
          "optional": true
        }
      }
    },
    "node_modules/picocolors": {
      "version": "1.0.0",
      "resolved": "https://registry.npmjs.org/picocolors/-/picocolors-1.0.0.tgz",
      "integrity": "sha512-1fygroTLlHu66zi26VoTDv8yRgm0Fccecssto+MhsZ0D/DGW2sm8E8AjW7NU5VVTRt5GxbeZ5qBuJr+HyLYkjQ=="
    },
    "node_modules/postcss": {
      "version": "8.4.14",
      "resolved": "https://registry.npmjs.org/postcss/-/postcss-8.4.14.tgz",
      "integrity": "sha512-E398TUmfAYFPBSdzgeieK2Y1+1cpdxJx8yXbK/m57nRhKSmk1GB2tO4lbLBtlkfPQTDKfe4Xqv1ASWPpayPEig==",
      "funding": [
        {
          "type": "opencollective",
          "url": "https://opencollective.com/postcss/"
        },
        {
          "type": "tidelift",
          "url": "https://tidelift.com/funding/github/npm/postcss"
        }
      ],
      "dependencies": {
        "nanoid": "^3.3.4",
        "picocolors": "^1.0.0",
        "source-map-js": "^1.0.2"
      },
      "engines": {
        "node": "^10 || ^12 || >=14"
      }
    },
    "node_modules/react": {
      "version": "18.2.0",
      "resolved": "https://registry.npmjs.org/react/-/react-18.2.0.tgz",
      "integrity": "sha512-/3IjMdb2L9QbBdWiW5e3P2/npwMBaU9mHCSCUzNln0ZCYbcfTsGbTJrU/kGemdH2IWmB2ioZ+zkxtmq6g09fGQ==",
      "dependencies": {
        "loose-envify": "^1.1.0"
      },
      "engines": {
        "node": ">=0.10.0"
      }
    },
    "node_modules/react-dom": {
      "version": "18.2.0",
      "resolved": "https://registry.npmjs.org/react-dom/-/react-dom-18.2.0.tgz",
      "integrity": "sha512-6IMTriUmvsjHUjNtEDudZfuDQUoWXVxKHhlEGSk81n4YFS+r/Kl99wXiwlVXtPBtJenozv2P+hxDsw9eA7Xo6g==",
      "dependencies": {
        "loose-envify": "^1.1.0",
        "scheduler": "^0.23.0"
      },
      "peerDependencies": {
        "react": "^18.2.0"
      }
    },
    "node_modules/scheduler": {
      "version": "0.23.0",
      "resolved": "https://registry.npmjs.org/scheduler/-/scheduler-0.23.0.tgz",
      "integrity": "sha512-CtuThmgHNg7zIZWAXi3AsyIzA3n4xx7aNyjwC2VJldO2LMVDhFK+63xGqq6CsJH4rTAt6/M+N4GhZiDYPx9eUw==",
      "dependencies": {
        "loose-envify": "^1.1.0"
      }
    },
    "node_modules/source-map-js": {
      "version": "1.0.2",
      "resolved": "https://registry.npmjs.org/source-map-js/-/source-map-js-1.0.2.tgz",
      "integrity": "sha512-R0XvVJ9WusLiqTCEiGCmICCMplcCkIwwR11mOSD9CR5u+IXYdiseeEuXCVAjS54zqwkLcPNnmU4OeJ6tUrWhDw==",
      "engines": {
        "node": ">=0.10.0"
      }
    },
    "node_modules/styled-jsx": {
      "version": "5.1.1",
      "resolved": "https://registry.npmjs.org/styled-jsx/-/styled-jsx-5.1.1.tgz",
      "integrity": "sha512-pW7uC1l4mBZ8ugbiZrcIsiIvVx1UmTfw7UkC3Um2tmfUq9Bhk8IiyEIPl6F8agHgjzku6j0xQEZbfA5uSgSaCw==",
      "dependencies": {
        "client-only": "0.0.1"
      },
      "engines": {
        "node": ">= 12.0.0"
      },
      "peerDependencies": {
        "react": ">= 16.8.0 || 17.x.x || ^18.0.0-0"
      },
      "peerDependenciesMeta": {
        "@babel/core": {
          "optional": true
        },
        "babel-plugin-macros": {
          "optional": true
        }
      }
    },
    "node_modules/tslib": {
      "version": "2.5.0",
      "resolved": "https://registry.npmjs.org/tslib/-/tslib-2.5.0.tgz",
      "integrity": "sha512-336iVw3rtn2BUK7ORdIAHTyxHGRIHVReokCR3XjbckJMK7ms8FysBfhLR8IXnAgy7T0PTPNBWKiH514FOW/WSg=="
    }
  },
  "dependencies": {
    "@next/env": {
      "version": "13.2.5-canary.2",
      "resolved": "https://registry.npmjs.org/@next/env/-/env-13.2.5-canary.2.tgz",
      "integrity": "sha512-1ItVARhq496qaA9PRczbqvJh07yFVg6ZpI3yK2TovxtMsh0wyPIu51FoUEtTkBDjvjpx8Cd26Re5hLLeliV07w=="
    },
    "@next/swc-android-arm-eabi": {
      "version": "13.2.5-canary.2",
      "resolved": "https://registry.npmjs.org/@next/swc-android-arm-eabi/-/swc-android-arm-eabi-13.2.5-canary.2.tgz",
      "integrity": "sha512-6UGto5y6UeVXrIxMrmu6J9uyKB0lo5505OEUX0tIHm/VfRGrtVPvlyeXjFv2t7py6LE99GkMFEo928iX9VKCvw==",
      "optional": true
    },
    "@next/swc-android-arm64": {
      "version": "13.2.5-canary.2",
      "resolved": "https://registry.npmjs.org/@next/swc-android-arm64/-/swc-android-arm64-13.2.5-canary.2.tgz",
      "integrity": "sha512-tqfGyf0RLM2zsAXwYrwBqLmu+AdRni9O8F/XVeZAIaIqx01uzQyqKO2iXkzCCCOo833HurGSg/2orEKMvuPtRQ==",
      "optional": true
    },
    "@next/swc-darwin-arm64": {
      "version": "13.2.5-canary.2",
      "resolved": "https://registry.npmjs.org/@next/swc-darwin-arm64/-/swc-darwin-arm64-13.2.5-canary.2.tgz",
      "integrity": "sha512-axsf3nPgSn8JRJlUv8AJoRdcFFdqRWHiVO83JAWXt67BBttPYIXLEvGcb8Rfm6c7R9hgkhSezdJzOAmgkg9FVg==",
      "optional": true
    },
    "@next/swc-darwin-x64": {
      "version": "13.2.5-canary.2",
      "resolved": "https://registry.npmjs.org/@next/swc-darwin-x64/-/swc-darwin-x64-13.2.5-canary.2.tgz",
      "integrity": "sha512-NXCZ1b6uWRWrAvVvLrWs+SeY41vbKK88Mnp6aEzkPxywjs3eA9EqR1jgsTJEqqaIEqcjgphoFHOK1AktE1jblQ==",
      "optional": true
    },
    "@next/swc-freebsd-x64": {
      "version": "13.2.5-canary.2",
      "resolved": "https://registry.npmjs.org/@next/swc-freebsd-x64/-/swc-freebsd-x64-13.2.5-canary.2.tgz",
      "integrity": "sha512-BIsVhrm8LofAxKQ0cUbZWwr1esf2DaqAGBcRTuININyw0vJ3YfLgxrsYA06OfnU/k0TxtmJaQwFvWujx1B4Dqw==",
      "optional": true
    },
    "@next/swc-linux-arm-gnueabihf": {
      "version": "13.2.5-canary.2",
      "resolved": "https://registry.npmjs.org/@next/swc-linux-arm-gnueabihf/-/swc-linux-arm-gnueabihf-13.2.5-canary.2.tgz",
      "integrity": "sha512-Y1oy/xw+Y/ajwwf+hW7rC3IZ1LdOf4DlnVMUNFH5MtPgfWAxkYsHN2bmShsuhgbB/RBlh6W2m7I1Ytk/0bloFA==",
      "optional": true
    },
    "@next/swc-linux-arm64-gnu": {
      "version": "13.2.5-canary.2",
      "resolved": "https://registry.npmjs.org/@next/swc-linux-arm64-gnu/-/swc-linux-arm64-gnu-13.2.5-canary.2.tgz",
      "integrity": "sha512-9Frn0AdzKWuu2sbq/Lxvh8UdaUlnXdTv2atNbSb4x9wbbKChLMlxDio48y2kqQXmJGGMFHiLG4ZQAPxaixVzdw==",
      "optional": true
    },
    "@next/swc-linux-arm64-musl": {
      "version": "13.2.5-canary.2",
      "resolved": "https://registry.npmjs.org/@next/swc-linux-arm64-musl/-/swc-linux-arm64-musl-13.2.5-canary.2.tgz",
      "integrity": "sha512-ggEUdjDqA5LFXa99hOPZXDbf3u0imntHI3NdHvm2zK3XlI0D1gD2qlVRiOz2ULyGyyb/BGMOd9G2NPMlXixHlA==",
      "optional": true
    },
    "@next/swc-linux-x64-gnu": {
      "version": "13.2.5-canary.2",
      "resolved": "https://registry.npmjs.org/@next/swc-linux-x64-gnu/-/swc-linux-x64-gnu-13.2.5-canary.2.tgz",
      "integrity": "sha512-j8+/TTPdd6WWCUf5TafvkOImlXFVttViK8Q1eqftHSUUPoxYvRUSbVKJ0AtxONJWta1v46DIFKAzTGAVjbnFVQ==",
      "optional": true
    },
    "@next/swc-linux-x64-musl": {
      "version": "13.2.5-canary.2",
      "resolved": "https://registry.npmjs.org/@next/swc-linux-x64-musl/-/swc-linux-x64-musl-13.2.5-canary.2.tgz",
      "integrity": "sha512-O5ZJ7fylgePoblVNSvgfgpfvHOhHRftUy5vDC6o+tP+kWo/KZZTE2gYkCZkDpcTcjSVuGBKent13MloOMzWFjQ==",
      "optional": true
    },
    "@next/swc-win32-arm64-msvc": {
      "version": "13.2.5-canary.2",
      "resolved": "https://registry.npmjs.org/@next/swc-win32-arm64-msvc/-/swc-win32-arm64-msvc-13.2.5-canary.2.tgz",
      "integrity": "sha512-EAKv54b2EkIE9wgM1DTqTxqj57TyGlLMvHvhiGqbnvNTnvfccHGiGysdwbPj2gqlqkOv44q0lEw3XgCsdJxj2A==",
      "optional": true
    },
    "@next/swc-win32-ia32-msvc": {
      "version": "13.2.5-canary.2",
      "resolved": "https://registry.npmjs.org/@next/swc-win32-ia32-msvc/-/swc-win32-ia32-msvc-13.2.5-canary.2.tgz",
      "integrity": "sha512-tEGyYGEOd8YH0EmZP0oW6n4Jkp4NHxvuI3SU0xBQRK4JY3gqjSomkUe7N7Hvj/gCeiGdNhq7Qx9IrjAMBywLZg==",
      "optional": true
    },
    "@next/swc-win32-x64-msvc": {
      "version": "13.2.5-canary.2",
      "resolved": "https://registry.npmjs.org/@next/swc-win32-x64-msvc/-/swc-win32-x64-msvc-13.2.5-canary.2.tgz",
      "integrity": "sha512-tb+Nxw9NCuqKvCtgXXLI6iN+h6ZniF1v4ClLN1xlJbM1vf4W0GLCszBBeJ3Jf6ydxCJRZ0dAt5qf7vrNvzdC7Q==",
      "optional": true
    },
    "@swc/helpers": {
      "version": "0.4.14",
      "resolved": "https://registry.npmjs.org/@swc/helpers/-/helpers-0.4.14.tgz",
      "integrity": "sha512-4C7nX/dvpzB7za4Ql9K81xK3HPxCpHMgwTZVyf+9JQ6VUbn9jjZVN7/Nkdz/Ugzs2CSjqnL/UPXroiVBVHUWUw==",
      "requires": {
        "tslib": "^2.4.0"
      }
    },
    "caniuse-lite": {
      "version": "1.0.30001465",
      "resolved": "https://registry.npmjs.org/caniuse-lite/-/caniuse-lite-1.0.30001465.tgz",
      "integrity": "sha512-HvjgL3MYAJjceTDCcjRnQGjwUz/5qec9n7JPOzUursUoOTIsYCSDOb1l7RsnZE8mjbxG78zVRCKfrBXyvChBag=="
    },
    "client-only": {
      "version": "0.0.1",
      "resolved": "https://registry.npmjs.org/client-only/-/client-only-0.0.1.tgz",
      "integrity": "sha512-IV3Ou0jSMzZrd3pZ48nLkT9DA7Ag1pnPzaiQhpW7c3RbcqqzvzzVu+L8gfqMp/8IM2MQtSiqaCxrrcfu8I8rMA=="
    },
    "js-tokens": {
      "version": "4.0.0",
      "resolved": "https://registry.npmjs.org/js-tokens/-/js-tokens-4.0.0.tgz",
      "integrity": "sha512-RdJUflcE3cUzKiMqQgsCu06FPu9UdIJO0beYbPhHN4k6apgJtifcoCtT9bcxOpYBtpD2kCM6Sbzg4CausW/PKQ=="
    },
    "loose-envify": {
      "version": "1.4.0",
      "resolved": "https://registry.npmjs.org/loose-envify/-/loose-envify-1.4.0.tgz",
      "integrity": "sha512-lyuxPGr/Wfhrlem2CL/UcnUc1zcqKAImBDzukY7Y5F/yQiNdko6+fRLevlw1HgMySw7f611UIY408EtxRSoK3Q==",
      "requires": {
        "js-tokens": "^3.0.0 || ^4.0.0"
      }
    },
    "nanoid": {
      "version": "3.3.4",
      "resolved": "https://registry.npmjs.org/nanoid/-/nanoid-3.3.4.tgz",
      "integrity": "sha512-MqBkQh/OHTS2egovRtLk45wEyNXwF+cokD+1YPf9u5VfJiRdAiRwB2froX5Co9Rh20xs4siNPm8naNotSD6RBw=="
    },
    "next": {
      "version": "13.2.5-canary.2",
      "resolved": "https://registry.npmjs.org/next/-/next-13.2.5-canary.2.tgz",
      "integrity": "sha512-xawsU23qj3ZFsCzzbovhwwOGmXBiaw5555Srnltpnh5ca5Lx5Ux0rsR0WfSFogNyd68qqhzUxT/+TKj6qc9fMg==",
      "requires": {
        "@next/env": "13.2.5-canary.2",
        "@next/swc-android-arm-eabi": "13.2.5-canary.2",
        "@next/swc-android-arm64": "13.2.5-canary.2",
        "@next/swc-darwin-arm64": "13.2.5-canary.2",
        "@next/swc-darwin-x64": "13.2.5-canary.2",
        "@next/swc-freebsd-x64": "13.2.5-canary.2",
        "@next/swc-linux-arm-gnueabihf": "13.2.5-canary.2",
        "@next/swc-linux-arm64-gnu": "13.2.5-canary.2",
        "@next/swc-linux-arm64-musl": "13.2.5-canary.2",
        "@next/swc-linux-x64-gnu": "13.2.5-canary.2",
        "@next/swc-linux-x64-musl": "13.2.5-canary.2",
        "@next/swc-win32-arm64-msvc": "13.2.5-canary.2",
        "@next/swc-win32-ia32-msvc": "13.2.5-canary.2",
        "@next/swc-win32-x64-msvc": "13.2.5-canary.2",
        "@swc/helpers": "0.4.14",
        "caniuse-lite": "^1.0.30001406",
        "postcss": "8.4.14",
        "styled-jsx": "5.1.1"
      }
    },
    "picocolors": {
      "version": "1.0.0",
      "resolved": "https://registry.npmjs.org/picocolors/-/picocolors-1.0.0.tgz",
      "integrity": "sha512-1fygroTLlHu66zi26VoTDv8yRgm0Fccecssto+MhsZ0D/DGW2sm8E8AjW7NU5VVTRt5GxbeZ5qBuJr+HyLYkjQ=="
    },
    "postcss": {
      "version": "8.4.14",
      "resolved": "https://registry.npmjs.org/postcss/-/postcss-8.4.14.tgz",
      "integrity": "sha512-E398TUmfAYFPBSdzgeieK2Y1+1cpdxJx8yXbK/m57nRhKSmk1GB2tO4lbLBtlkfPQTDKfe4Xqv1ASWPpayPEig==",
      "requires": {
        "nanoid": "^3.3.4",
        "picocolors": "^1.0.0",
        "source-map-js": "^1.0.2"
      }
    },
    "react": {
      "version": "18.2.0",
      "resolved": "https://registry.npmjs.org/react/-/react-18.2.0.tgz",
      "integrity": "sha512-/3IjMdb2L9QbBdWiW5e3P2/npwMBaU9mHCSCUzNln0ZCYbcfTsGbTJrU/kGemdH2IWmB2ioZ+zkxtmq6g09fGQ==",
      "requires": {
        "loose-envify": "^1.1.0"
      }
    },
    "react-dom": {
      "version": "18.2.0",
      "resolved": "https://registry.npmjs.org/react-dom/-/react-dom-18.2.0.tgz",
      "integrity": "sha512-6IMTriUmvsjHUjNtEDudZfuDQUoWXVxKHhlEGSk81n4YFS+r/Kl99wXiwlVXtPBtJenozv2P+hxDsw9eA7Xo6g==",
      "requires": {
        "loose-envify": "^1.1.0",
        "scheduler": "^0.23.0"
      }
    },
    "scheduler": {
      "version": "0.23.0",
      "resolved": "https://registry.npmjs.org/scheduler/-/scheduler-0.23.0.tgz",
      "integrity": "sha512-CtuThmgHNg7zIZWAXi3AsyIzA3n4xx7aNyjwC2VJldO2LMVDhFK+63xGqq6CsJH4rTAt6/M+N4GhZiDYPx9eUw==",
      "requires": {
        "loose-envify": "^1.1.0"
      }
    },
    "source-map-js": {
      "version": "1.0.2",
      "resolved": "https://registry.npmjs.org/source-map-js/-/source-map-js-1.0.2.tgz",
      "integrity": "sha512-R0XvVJ9WusLiqTCEiGCmICCMplcCkIwwR11mOSD9CR5u+IXYdiseeEuXCVAjS54zqwkLcPNnmU4OeJ6tUrWhDw=="
    },
    "styled-jsx": {
      "version": "5.1.1",
      "resolved": "https://registry.npmjs.org/styled-jsx/-/styled-jsx-5.1.1.tgz",
      "integrity": "sha512-pW7uC1l4mBZ8ugbiZrcIsiIvVx1UmTfw7UkC3Um2tmfUq9Bhk8IiyEIPl6F8agHgjzku6j0xQEZbfA5uSgSaCw==",
      "requires": {
        "client-only": "0.0.1"
      }
    },
    "tslib": {
      "version": "2.5.0",
      "resolved": "https://registry.npmjs.org/tslib/-/tslib-2.5.0.tgz",
      "integrity": "sha512-336iVw3rtn2BUK7ORdIAHTyxHGRIHVReokCR3XjbckJMK7ms8FysBfhLR8IXnAgy7T0PTPNBWKiH514FOW/WSg=="
    }
  }
}
